
Microsoft Visual Studio Solution File, Format Version 12.00
# Visual Studio 15
VisualStudioVersion = 15.0.26430.6
MinimumVisualStudioVersion = 10.0.40219.1
Project("{FAE04EC0-301F-11D3-BF4B-00C04F79EFBC}") = "RedBox.Web", "RedBox.Web\RedBox.Web.csproj", "{B0814E8D-F215-4D67-B3AF-20FA1578ACAA}"
EndProject
Project("{FAE04EC0-301F-11D3-BF4B-00C04F79EFBC}") = "RedBox.BLL", "RedBox.BLL\RedBox.BLL.csproj", "{DD5A49A0-54D8-423E-B7D0-AF05EB55DA05}"
EndProject
Project("{FAE04EC0-301F-11D3-BF4B-00C04F79EFBC}") = "RedBox.Common", "RedBox.Common\RedBox.Common.csproj", "{49A57E8D-5F78-4029-938F-35DEE6B901AE}"
EndProject
Project("{FAE04EC0-301F-11D3-BF4B-00C04F79EFBC}") = "RedBox.DLL", "RedBox.DLL\RedBox.DLL.csproj", "{FCBCE9BC-E9A8-42A5-95EA-C330326460CA}"
EndProject
Project("{FAE04EC0-301F-11D3-BF4B-00C04F79EFBC}") = "RedBox.IBLL", "RedBox.IBLL\RedBox.IBLL.csproj", "{6CECF44B-6F43-4D0C-8557-55CF90EABAAD}"
EndProject
Project("{FAE04EC0-301F-11D3-BF4B-00C04F79EFBC}") = "RedBox.IDAL", "RedBox.IDAL\RedBox.IDAL.csproj", "{11009B05-6D23-4A95-824F-24B215904F87}"
EndProject
Project("{FAE04EC0-301F-11D3-BF4B-00C04F79EFBC}") = "RedBox.Models", "RedBox.Models\RedBox.Models.csproj", "{712DB296-56DA-4F79-84C1-29F5DAE9D0F2}"
EndProject
Project("{FAE04EC0-301F-11D3-BF4B-00C04F79EFBC}") = "VUE-FrontEnd", "VUE-FrontEnd\VUE-FrontEnd.csproj", "{00C4B353-6D07-489A-BB68-83A116998E73}"
EndProject
Global
	GlobalSection(SolutionConfigurationPlatforms) = preSolution
		Debug|Any CPU = Debug|Any CPU
		Release|Any CPU = Release|Any CPU
	EndGlobalSection
	GlobalSection(ProjectConfigurationPlatforms) = postSolution
		{B0814E8D-F215-4D67-B3AF-20FA1578ACAA}.Debug|Any CPU.ActiveCfg = Debug|Any CPU
		{B0814E8D-F215-4D67-B3AF-20FA1578ACAA}.Debug|Any CPU.Build.0 = Debug|Any CPU
		{B0814E8D-F215-4D67-B3AF-20FA1578ACAA}.Release|Any CPU.ActiveCfg = Release|Any CPU
		{B0814E8D-F215-4D67-B3AF-20FA1578ACAA}.Release|Any CPU.Build.0 = Release|Any CPU
		{DD5A49A0-54D8-423E-B7D0-AF05EB55DA05}.Debug|Any CPU.ActiveCfg = Debug|Any CPU
		{DD5A49A0-54D8-423E-B7D0-AF05EB55DA05}.Debug|Any CPU.Build.0 = Debug|Any CPU
		{DD5A49A0-54D8-423E-B7D0-AF05EB55DA05}.Release|Any CPU.ActiveCfg = Release|Any CPU
		{DD5A49A0-54D8-423E-B7D0-AF05EB55DA05}.Release|Any CPU.Build.0 = Release|Any CPU
		{49A57E8D-5F78-4029-938F-35DEE6B901AE}.Debug|Any CPU.ActiveCfg = Debug|Any CPU
		{49A57E8D-5F78-4029-938F-35DEE6B901AE}.Debug|Any CPU.Build.0 = Debug|Any CPU
		{49A57E8D-5F78-4029-938F-35DEE6B901AE}.Release|Any CPU.ActiveCfg = Release|Any CPU
		{49A57E8D-5F78-4029-938F-35DEE6B901AE}.Release|Any CPU.Build.0 = Release|Any CPU
		{FCBCE9BC-E9A8-42A5-95EA-C330326460CA}.Debug|Any CPU.ActiveCfg = Debug|Any CPU
		{FCBCE9BC-E9A8-42A5-95EA-C330326460CA}.Debug|Any CPU.Build.0 = Debug|Any CPU
		{FCBCE9BC-E9A8-42A5-95EA-C330326460CA}.Release|Any CPU.ActiveCfg = Release|Any CPU
		{FCBCE9BC-E9A8-42A5-95EA-C330326460CA}.Release|Any CPU.Build.0 = Release|Any CPU
		{6CECF44B-6F43-4D0C-8557-55CF90EABAAD}.Debug|Any CPU.ActiveCfg = Debug|Any CPU
		{6CECF44B-6F43-4D0C-8557-55CF90EABAAD}.Debug|Any CPU.Build.0 = Debug|Any CPU
		{6CECF44B-6F43-4D0C-8557-55CF90EABAAD}.Release|Any CPU.ActiveCfg = Release|Any CPU
		{6CECF44B-6F43-4D0C-8557-55CF90EABAAD}.Release|Any CPU.Build.0 = Release|Any CPU
		{11009B05-6D23-4A95-824F-24B215904F87}.Debug|Any CPU.ActiveCfg = Debug|Any CPU
		{11009B05-6D23-4A95-824F-24B215904F87}.Debug|Any CPU.Build.0 = Debug|Any CPU
		{11009B05-6D23-4A95-824F-24B215904F87}.Release|Any CPU.ActiveCfg = Release|Any CPU
		{11009B05-6D23-4A95-824F-24B215904F87}.Release|Any CPU.Build.0 = Release|Any CPU
		{712DB296-56DA-4F79-84C1-29F5DAE9D0F2}.Debug|Any CPU.ActiveCfg = Debug|Any CPU
		{712DB296-56DA-4F79-84C1-29F5DAE9D0F2}.Debug|Any CPU.Build.0 = Debug|Any CPU
		{712DB296-56DA-4F79-84C1-29F5DAE9D0F2}.Release|Any CPU.ActiveCfg = Release|Any CPU
		{712DB296-56DA-4F79-84C1-29F5DAE9D0F2}.Release|Any CPU.Build.0 = Release|Any CPU
		{00C4B353-6D07-489A-BB68-83A116998E73}.Debug|Any CPU.ActiveCfg = Debug|Any CPU
		{00C4B353-6D07-489A-BB68-83A116998E73}.Debug|Any CPU.Build.0 = Debug|Any CPU
		{00C4B353-6D07-489A-BB68-83A116998E73}.Release|Any CPU.ActiveCfg = Release|Any CPU
		{00C4B353-6D07-489A-BB68-83A116998E73}.Release|Any CPU.Build.0 = Release|Any CPU
	EndGlobalSection
	GlobalSection(SolutionProperties) = preSolution
		HideSolutionNode = FALSE
	EndGlobalSection
EndGlobal
